<?xml version="1.0" encoding="utf-8"?>
<Project ToolsVersion="4.0" xmlns="http://schemas.microsoft.com/developer/msbuild/2003">
  <ItemGroup>
    <Filter Include="Source Files">
      <UniqueIdentifier>{4FC737F1-C7A5-4376-A066-2A32D752A2FF}</UniqueIdentifier>
      <Extensions>cpp;c;cc;cxx;def;odl;idl;hpj;bat;asm;asmx</Extensions>
    </Filter>
    <Filter Include="Header Files">
      <UniqueIdentifier>{93995380-89BD-4b04-88EB-625FBE52EBFB}</UniqueIdentifier>
      <Extensions>h;hpp;hxx;hm;inl;inc;xsd</Extensions>
    </Filter>
    <Filter Include="Resource Files">
      <UniqueIdentifier>{67DA6AB6-F800-4c08-8B7A-83BB121AAD01}</UniqueIdentifier>
      <Extensions>rc;ico;cur;bmp;dlg;rc2;rct;bin;rgs;gif;jpg;jpeg;jpe;resx;tiff;tif;png;wav;mfcribbon-ms</Extensions>
    </Filter>
  </ItemGroup>
  <ItemGroup>
    <ClCompile Include="main.cpp">
      <Filter>Source Files</Filter>
    </ClCompile>
    <ClCompile Include="Holder\Holder.cpp">
      <Filter>Source Files</Filter>
    </ClCompile>
    <ClCompile Include="Holder\Program.cpp">
      <Filter>Source Files</Filter>
    </ClCompile>
    <ClCompile Include="Holder\Shader.cpp">
      <Filter>Source Files</Filter>
    </ClCompile>
    <ClCompile Include="Holder\Texture2.cpp">
      <Filter>Source Files</Filter>
    </ClCompile>
    <ClCompile Include="External\Bitmap.cpp">
      <Filter>Source Files</Filter>
    </ClCompile>
    <ClCompile Include="Scene\Camera.cpp">
      <Filter>Source Files</Filter>
    </ClCompile>
    <ClCompile Include="Scene\Player.cpp">
      <Filter>Source Files</Filter>
    </ClCompile>
    <ClCompile Include="Scene\Asset.cpp">
      <Filter>Source Files</Filter>
    </ClCompile>
    <ClCompile Include="Scene\Bullet.cpp">
      <Filter>Source Files</Filter>
    </ClCompile>
    <ClCompile Include="Scene\Enemy.cpp">
      <Filter>Source Files</Filter>
    </ClCompile>
    <ClCompile Include="Scene\Mesh.cpp">
      <Filter>Source Files</Filter>
    </ClCompile>
    <ClCompile Include="Scene\World.cpp">
      <Filter>Source Files</Filter>
    </ClCompile>
    <ClCompile Include="Scene\Particle.cpp">
      <Filter>Source Files</Filter>
    </ClCompile>
    <ClCompile Include="Scene\Cow.cpp">
      <Filter>Source Files</Filter>
    </ClCompile>
  </ItemGroup>
  <ItemGroup>
    <ClInclude Include="Holder\Holder.h">
      <Filter>Header Files</Filter>
    </ClInclude>
    <ClInclude Include="Holder\Program.h">
      <Filter>Header Files</Filter>
    </ClInclude>
    <ClInclude Include="Holder\Shader.h">
      <Filter>Header Files</Filter>
    </ClInclude>
    <ClInclude Include="Holder\Texture2.h">
      <Filter>Header Files</Filter>
    </ClInclude>
    <ClInclude Include="External\Bitmap.h">
      <Filter>Header Files</Filter>
    </ClInclude>
    <ClInclude Include="Scene\Camera.h">
      <Filter>Header Files</Filter>
    </ClInclude>
    <ClInclude Include="Scene\Player.h">
      <Filter>Header Files</Filter>
    </ClInclude>
    <ClInclude Include="Scene\Bullet.h">
      <Filter>Header Files</Filter>
    </ClInclude>
    <ClInclude Include="Scene\Enemy.h">
      <Filter>Header Files</Filter>
    </ClInclude>
    <ClInclude Include="Scene\Mesh.h">
      <Filter>Header Files</Filter>
    </ClInclude>
    <ClInclude Include="Scene\World.h">
      <Filter>Header Files</Filter>
    </ClInclude>
    <ClInclude Include="cfgReader.h">
      <Filter>Header Files</Filter>
    </ClInclude>
    <ClInclude Include="Scene\Cow.h">
      <Filter>Header Files</Filter>
    </ClInclude>
  </ItemGroup>
  <ItemGroup>
    <None Include="Assets\Shader\cameraVertexShader.vert" />
    <None Include="Assets\Shader\lightingFragmentShader.frag" />
    <None Include="Assets\Shader\textureFragmentShader.frag" />
    <None Include="Assets\Shader\textureVertexShader.vert" />
    <None Include="Assets\Shader\vertexshader.vert" />
    <None Include="Assets\Models\cube.model" />
    <None Include="Assets\Models\world.model" />
    <None Include="Assets\Shader\celShader.frag" />
    <None Include="Assets\Shader\instancingShader.vert" />
    <None Include="Assets\Shader\instancingShader2.vert" />
    <None Include="Assets\Shader\instancingCelShader.frag" />
    <None Include="Assets\Shader\depthShader.vert" />
    <None Include="Assets\Shader\depthShader.frag" />
    <None Include="Assets\Shader\shadowCelShader.frag" />
    <None Include="Assets\Shader\lightingVertexShader.vert" />
    <None Include="Assets\Shader\shadowVertexShader.vert" />
    <None Include="config.cfg" />
  </ItemGroup>
  <ItemGroup>
    <Image Include="Texture\block.png">
      <Filter>Resource Files</Filter>
    </Image>
    <Image Include="Assets\Texture\hazard.png">
      <Filter>Resource Files</Filter>
    </Image>
    <Image Include="Assets\Texture\wooden-crate.jpg">
      <Filter>Resource Files</Filter>
    </Image>
  </ItemGroup>
  <ItemGroup>
    <Text Include="Assets\Shader\fragmentshader.frag" />
  </ItemGroup>
</Project>